
Microsoft Visual Studio Solution File, Format Version 12.00
# Visual Studio Version 17
VisualStudioVersion = 17.11.35312.102
MinimumVisualStudioVersion = 10.0.40219.1
Project("{2150E333-8FDC-42A3-9474-1A3956D46DE8}") = "Application", "Application", "{8CB04725-DBFF-41FD-8C7D-C062EFAE6820}"
EndProject
Project("{2150E333-8FDC-42A3-9474-1A3956D46DE8}") = "Domain", "Domain", "{C8894D04-D4CD-4D2B-B6FE-04E84FA45117}"
EndProject
Project("{2150E333-8FDC-42A3-9474-1A3956D46DE8}") = "Infra.IoC", "Infra.IoC", "{9772609C-DCA3-4C42-B0E8-0D19270B1925}"
EndProject
Project("{2150E333-8FDC-42A3-9474-1A3956D46DE8}") = "Infra.Data", "Infra.Data", "{FA39B2FA-762B-4B81-925A-DCD437450C90}"
EndProject
Project("{2150E333-8FDC-42A3-9474-1A3956D46DE8}") = "Presentation", "Presentation", "{0B2BBE90-D17E-4218-8B69-AE03AEA1B856}"
EndProject
Project("{9A19103F-16F7-4668-BE54-9A1E7A4F7556}") = "CleanArch.Mvc", "CleanArch.Mvc\CleanArch.Mvc.csproj", "{F643C4E7-9AB8-45C5-846C-54EE22245562}"
EndProject
Project("{9A19103F-16F7-4668-BE54-9A1E7A4F7556}") = "CleanArch.Domain", "CleanArch.Domain\CleanArch.Domain.csproj", "{DB9FF6C0-2AB9-4CAD-B100-DBEB3DCA0D9D}"
EndProject
Project("{9A19103F-16F7-4668-BE54-9A1E7A4F7556}") = "CleanArch.Infra.Data", "CleanArch.Infra.Data\CleanArch.Infra.Data.csproj", "{BB2AA82D-D3F2-4047-8EFB-230969F2A8BC}"
EndProject
Project("{9A19103F-16F7-4668-BE54-9A1E7A4F7556}") = "CleanArch.Application", "CleanArch.Application\CleanArch.Application.csproj", "{C1BBE427-78A7-422C-90C0-1261EE5ECC7A}"
EndProject
Project("{9A19103F-16F7-4668-BE54-9A1E7A4F7556}") = "CleanArch.Infra.IoC", "CleanArch.Infra.IoC\CleanArch.Infra.IoC.csproj", "{231B7762-2D0E-46C5-8300-512832F2E96A}"
EndProject
Project("{2150E333-8FDC-42A3-9474-1A3956D46DE8}") = "Infra.Bus", "Infra.Bus", "{2001321B-5CF2-4DA0-9F22-6E2BC1D37B13}"
EndProject
Project("{2150E333-8FDC-42A3-9474-1A3956D46DE8}") = "Api", "Api", "{DC73D250-AE4C-42F2-9A5C-4D290B8E78FA}"
EndProject
Global
	GlobalSection(SolutionConfigurationPlatforms) = preSolution
		Debug|Any CPU = Debug|Any CPU
		Release|Any CPU = Release|Any CPU
	EndGlobalSection
	GlobalSection(ProjectConfigurationPlatforms) = postSolution
		{F643C4E7-9AB8-45C5-846C-54EE22245562}.Debug|Any CPU.ActiveCfg = Debug|Any CPU
		{F643C4E7-9AB8-45C5-846C-54EE22245562}.Debug|Any CPU.Build.0 = Debug|Any CPU
		{F643C4E7-9AB8-45C5-846C-54EE22245562}.Release|Any CPU.ActiveCfg = Release|Any CPU
		{F643C4E7-9AB8-45C5-846C-54EE22245562}.Release|Any CPU.Build.0 = Release|Any CPU
		{DB9FF6C0-2AB9-4CAD-B100-DBEB3DCA0D9D}.Debug|Any CPU.ActiveCfg = Debug|Any CPU
		{DB9FF6C0-2AB9-4CAD-B100-DBEB3DCA0D9D}.Debug|Any CPU.Build.0 = Debug|Any CPU
		{DB9FF6C0-2AB9-4CAD-B100-DBEB3DCA0D9D}.Release|Any CPU.ActiveCfg = Release|Any CPU
		{DB9FF6C0-2AB9-4CAD-B100-DBEB3DCA0D9D}.Release|Any CPU.Build.0 = Release|Any CPU
		{BB2AA82D-D3F2-4047-8EFB-230969F2A8BC}.Debug|Any CPU.ActiveCfg = Debug|Any CPU
		{BB2AA82D-D3F2-4047-8EFB-230969F2A8BC}.Debug|Any CPU.Build.0 = Debug|Any CPU
		{BB2AA82D-D3F2-4047-8EFB-230969F2A8BC}.Release|Any CPU.ActiveCfg = Release|Any CPU
		{BB2AA82D-D3F2-4047-8EFB-230969F2A8BC}.Release|Any CPU.Build.0 = Release|Any CPU
		{C1BBE427-78A7-422C-90C0-1261EE5ECC7A}.Debug|Any CPU.ActiveCfg = Debug|Any CPU
		{C1BBE427-78A7-422C-90C0-1261EE5ECC7A}.Debug|Any CPU.Build.0 = Debug|Any CPU
		{C1BBE427-78A7-422C-90C0-1261EE5ECC7A}.Release|Any CPU.ActiveCfg = Release|Any CPU
		{C1BBE427-78A7-422C-90C0-1261EE5ECC7A}.Release|Any CPU.Build.0 = Release|Any CPU
		{231B7762-2D0E-46C5-8300-512832F2E96A}.Debug|Any CPU.ActiveCfg = Debug|Any CPU
		{231B7762-2D0E-46C5-8300-512832F2E96A}.Debug|Any CPU.Build.0 = Debug|Any CPU
		{231B7762-2D0E-46C5-8300-512832F2E96A}.Release|Any CPU.ActiveCfg = Release|Any CPU
		{231B7762-2D0E-46C5-8300-512832F2E96A}.Release|Any CPU.Build.0 = Release|Any CPU
	EndGlobalSection
	GlobalSection(SolutionProperties) = preSolution
		HideSolutionNode = FALSE
	EndGlobalSection
	GlobalSection(NestedProjects) = preSolution
		{F643C4E7-9AB8-45C5-846C-54EE22245562} = {0B2BBE90-D17E-4218-8B69-AE03AEA1B856}
		{DB9FF6C0-2AB9-4CAD-B100-DBEB3DCA0D9D} = {C8894D04-D4CD-4D2B-B6FE-04E84FA45117}
		{BB2AA82D-D3F2-4047-8EFB-230969F2A8BC} = {FA39B2FA-762B-4B81-925A-DCD437450C90}
		{C1BBE427-78A7-422C-90C0-1261EE5ECC7A} = {8CB04725-DBFF-41FD-8C7D-C062EFAE6820}
		{231B7762-2D0E-46C5-8300-512832F2E96A} = {9772609C-DCA3-4C42-B0E8-0D19270B1925}
	EndGlobalSection
	GlobalSection(ExtensibilityGlobals) = postSolution
		SolutionGuid = {7178A561-D2E9-4FE8-B7CB-6C850ADB0035}
	EndGlobalSection
EndGlobal
